
Microsoft Visual Studio Solution File, Format Version 12.00
# Visual Studio Version 17
VisualStudioVersion = 17.1.32210.238
MinimumVisualStudioVersion = 10.0.40219.1
Project("{FAE04EC0-301F-11D3-BF4B-00C04F79EFBC}") = "magazaOtomasyonu", "magazaOtomasyonu\magazaOtomasyonu.csproj", "{A9811FE4-71B2-4E77-9A59-A043F14E7FAC}"
EndProject
Global
	GlobalSection(SolutionConfigurationPlatforms) = preSolution
		Debug|Any CPU = Debug|Any CPU
		Release|Any CPU = Release|Any CPU
	EndGlobalSection
	GlobalSection(ProjectConfigurationPlatforms) = postSolution
		{A9811FE4-71B2-4E77-9A59-A043F14E7FAC}.Debug|Any CPU.ActiveCfg = Debug|Any CPU
		{A9811FE4-71B2-4E77-9A59-A043F14E7FAC}.Debug|Any CPU.Build.0 = Debug|Any CPU
		{A9811FE4-71B2-4E77-9A59-A043F14E7FAC}.Release|Any CPU.ActiveCfg = Release|Any CPU
		{A9811FE4-71B2-4E77-9A59-A043F14E7FAC}.Release|Any CPU.Build.0 = Release|Any CPU
	EndGlobalSection
	GlobalSection(SolutionProperties) = preSolution
		HideSolutionNode = FALSE
	EndGlobalSection
	GlobalSection(ExtensibilityGlobals) = postSolution
		SolutionGuid = {2951010E-2B4C-4854-A999-4DFD33470CF4}
	EndGlobalSection
EndGlobal
